// !$*UTF8*$!
{
	archiveVersion = 1;
	classes = {
	};
	objectVersion = 46;
	objects = {

/* Begin PBXBuildFile section */
		6E3BEBFD1665B81700E4B0E7 /* UIKit.framework in Frameworks */ = {isa = PBXBuildFile; fileRef = 6E3BEBFC1665B81700E4B0E7 /* UIKit.framework */; };
		6E3BEBFF1665B81700E4B0E7 /* Foundation.framework in Frameworks */ = {isa = PBXBuildFile; fileRef = 6E3BEBFE1665B81700E4B0E7 /* Foundation.framework */; };
		6E3BEC011665B81700E4B0E7 /* CoreGraphics.framework in Frameworks */ = {isa = PBXBuildFile; fileRef = 6E3BEC001665B81700E4B0E7 /* CoreGraphics.framework */; };
		6E3BEC071665B81700E4B0E7 /* InfoPlist.strings in Resources */ = {isa = PBXBuildFile; fileRef = 6E3BEC051665B81700E4B0E7 /* InfoPlist.strings */; };
		6E3BEC091665B81700E4B0E7 /* main.m in Sources */ = {isa = PBXBuildFile; fileRef = 6E3BEC081665B81700E4B0E7 /* main.m */; };
		6E3BEC0D1665B81700E4B0E7 /* KVOSampleAppDelegate.m in Sources */ = {isa = PBXBuildFile; fileRef = 6E3BEC0C1665B81700E4B0E7 /* KVOSampleAppDelegate.m */; };
		6E3BEC101665B81800E4B0E7 /* KVOSampleViewController.m in Sources */ = {isa = PBXBuildFile; fileRef = 6E3BEC0F1665B81800E4B0E7 /* KVOSampleViewController.m */; };
		6E3BEC131665B81800E4B0E7 /* KVOSampleViewController_iPhone.xib in Resources */ = {isa = PBXBuildFile; fileRef = 6E3BEC111665B81800E4B0E7 /* KVOSampleViewController_iPhone.xib */; };
		6E3BEC161665B81800E4B0E7 /* KVOSampleViewController_iPad.xib in Resources */ = {isa = PBXBuildFile; fileRef = 6E3BEC141665B81800E4B0E7 /* KVOSampleViewController_iPad.xib */; };
		6E3BEC211665B87C00E4B0E7 /* UserProfile.m in Sources */ = {isa = PBXBuildFile; fileRef = 6E3BEC201665B87C00E4B0E7 /* UserProfile.m */; };
/* End PBXBuildFile section */

/* Begin PBXFileReference section */
		6E3BEBF81665B81700E4B0E7 /* KVOSample.app */ = {isa = PBXFileReference; explicitFileType = wrapper.application; includeInIndex = 0; path = KVOSample.app; sourceTree = BUILT_PRODUCTS_DIR; };
		6E3BEBFC1665B81700E4B0E7 /* UIKit.framework */ = {isa = PBXFileReference; lastKnownFileType = wrapper.framework; name = UIKit.framework; path = System/Library/Frameworks/UIKit.framework; sourceTree = SDKROOT; };
		6E3BEBFE1665B81700E4B0E7 /* Foundation.framework */ = {isa = PBXFileReference; lastKnownFileType = wrapper.framework; name = Foundation.framework; path = System/Library/Frameworks/Foundation.framework; sourceTree = SDKROOT; };
		6E3BEC001665B81700E4B0E7 /* CoreGraphics.framework */ = {isa = PBXFileReference; lastKnownFileType = wrapper.framework; name = CoreGraphics.framework; path = System/Library/Frameworks/CoreGraphics.framework; sourceTree = SDKROOT; };
		6E3BEC041665B81700E4B0E7 /* KVOSample-Info.plist */ = {isa = PBXFileReference; lastKnownFileType = text.plist.xml; path = "KVOSample-Info.plist"; sourceTree = "<group>"; };
		6E3BEC061665B81700E4B0E7 /* en */ = {isa = PBXFileReference; lastKnownFileType = text.plist.strings; name = en; path = en.lproj/InfoPlist.strings; sourceTree = "<group>"; };
		6E3BEC081665B81700E4B0E7 /* main.m */ = {isa = PBXFileReference; lastKnownFileType = sourcecode.c.objc; path = main.m; sourceTree = "<group>"; };
		6E3BEC0A1665B81700E4B0E7 /* KVOSample-Prefix.pch */ = {isa = PBXFileReference; lastKnownFileType = sourcecode.c.h; path = "KVOSample-Prefix.pch"; sourceTree = "<group>"; };
		6E3BEC0B1665B81700E4B0E7 /* KVOSampleAppDelegate.h */ = {isa = PBXFileReference; lastKnownFileType = sourcecode.c.h; path = KVOSampleAppDelegate.h; sourceTree = "<group>"; };
		6E3BEC0C1665B81700E4B0E7 /* KVOSampleAppDelegate.m */ = {isa = PBXFileReference; lastKnownFileType = sourcecode.c.objc; path = KVOSampleAppDelegate.m; sourceTree = "<group>"; };
		6E3BEC0E1665B81700E4B0E7 /* KVOSampleViewController.h */ = {isa = PBXFileReference; lastKnownFileType = sourcecode.c.h; path = KVOSampleViewController.h; sourceTree = "<group>"; };
		6E3BEC0F1665B81800E4B0E7 /* KVOSampleViewController.m */ = {isa = PBXFileReference; lastKnownFileType = sourcecode.c.objc; path = KVOSampleViewController.m; sourceTree = "<group>"; };
		6E3BEC121665B81800E4B0E7 /* en */ = {isa = PBXFileReference; lastKnownFileType = file.xib; name = en; path = en.lproj/KVOSampleViewController_iPhone.xib; sourceTree = "<group>"; };
		6E3BEC151665B81800E4B0E7 /* en */ = {isa = PBXFileReference; lastKnownFileType = file.xib; name = en; path = en.lproj/KVOSampleViewController_iPad.xib; sourceTree = "<group>"; };
		6E3BEC1F1665B87C00E4B0E7 /* UserProfile.h */ = {isa = PBXFileReference; fileEncoding = 4; lastKnownFileType = sourcecode.c.h; path = UserProfile.h; sourceTree = "<group>"; };
		6E3BEC201665B87C00E4B0E7 /* UserProfile.m */ = {isa = PBXFileReference; fileEncoding = 4; lastKnownFileType = sourcecode.c.objc; path = UserProfile.m; sourceTree = "<group>"; };
/* End PBXFileReference section */

/* Begin PBXFrameworksBuildPhase section */
		6E3BEBF51665B81700E4B0E7 /* Frameworks */ = {
			isa = PBXFrameworksBuildPhase;
			buildActionMask = 2147483647;
			files = (
				6E3BEBFD1665B81700E4B0E7 /* UIKit.framework in Frameworks */,
				6E3BEBFF1665B81700E4B0E7 /* Foundation.framework in Frameworks */,
				6E3BEC011665B81700E4B0E7 /* CoreGraphics.framework in Frameworks */,
			);
			runOnlyForDeploymentPostprocessing = 0;
		};
/* End PBXFrameworksBuildPhase section */

/* Begin PBXGroup section */
		6E3BEBED1665B81700E4B0E7 = {
			isa = PBXGroup;
			children = (
				6E3BEC021665B81700E4B0E7 /* KVOSample */,
				6E3BEBFB1665B81700E4B0E7 /* Frameworks */,
				6E3BEBF91665B81700E4B0E7 /* Products */,
			);
			sourceTree = "<group>";
		};
		6E3BEBF91665B81700E4B0E7 /* Products */ = {
			isa = PBXGroup;
			children = (
				6E3BEBF81665B81700E4B0E7 /* KVOSample.app */,
			);
			name = Products;
			sourceTree = "<group>";
		};
		6E3BEBFB1665B81700E4B0E7 /* Frameworks */ = {
			isa = PBXGroup;
			children = (
				6E3BEBFC1665B81700E4B0E7 /* UIKit.framework */,
				6E3BEBFE1665B81700E4B0E7 /* Foundation.framework */,
				6E3BEC001665B81700E4B0E7 /* CoreGraphics.framework */,
			);
			name = Frameworks;
			sourceTree = "<group>";
		};
		6E3BEC021665B81700E4B0E7 /* KVOSample */ = {
			isa = PBXGroup;
			children = (
				6E3BEC1E1665B84500E4B0E7 /* Controller */,
				6E3BEC1C1665B82B00E4B0E7 /* Model */,
				6E3BEC0B1665B81700E4B0E7 /* KVOSampleAppDelegate.h */,
				6E3BEC0C1665B81700E4B0E7 /* KVOSampleAppDelegate.m */,
				6E3BEC111665B81800E4B0E7 /* KVOSampleViewController_iPhone.xib */,
				6E3BEC141665B81800E4B0E7 /* KVOSampleViewController_iPad.xib */,
				6E3BEC031665B81700E4B0E7 /* Supporting Files */,
			);
			path = KVOSample;
			sourceTree = "<group>";
		};
		6E3BEC031665B81700E4B0E7 /* Supporting Files */ = {
			isa = PBXGroup;
			children = (
				6E3BEC041665B81700E4B0E7 /* KVOSample-Info.plist */,
				6E3BEC051665B81700E4B0E7 /* InfoPlist.strings */,
				6E3BEC081665B81700E4B0E7 /* main.m */,
				6E3BEC0A1665B81700E4B0E7 /* KVOSample-Prefix.pch */,
			);
			name = "Supporting Files";
			sourceTree = "<group>";
		};
		6E3BEC1C1665B82B00E4B0E7 /* Model */ = {
			isa = PBXGroup;
			children = (
				6E3BEC1F1665B87C00E4B0E7 /* UserProfile.h */,
				6E3BEC201665B87C00E4B0E7 /* UserProfile.m */,
			);
			name = Model;
			sourceTree = "<group>";
		};
		6E3BEC1E1665B84500E4B0E7 /* Controller */ = {
			isa = PBXGroup;
			children = (
				6E3BEC0E1665B81700E4B0E7 /* KVOSampleViewController.h */,
				6E3BEC0F1665B81800E4B0E7 /* KVOSampleViewController.m */,
			);
			name = Controller;
			sourceTree = "<group>";
		};
/* End PBXGroup section */

/* Begin PBXNativeTarget section */
		6E3BEBF71665B81700E4B0E7 /* KVOSample */ = {
			isa = PBXNativeTarget;
			buildConfigurationList = 6E3BEC191665B81800E4B0E7 /* Build configuration list for PBXNativeTarget "KVOSample" */;
			buildPhases = (
				6E3BEBF41665B81700E4B0E7 /* Sources */,
				6E3BEBF51665B81700E4B0E7 /* Frameworks */,
				6E3BEBF61665B81700E4B0E7 /* Resources */,
			);
			buildRules = (
			);
			dependencies = (
			);
			name = KVOSample;
			productName = KVOSample;
			productReference = 6E3BEBF81665B81700E4B0E7 /* KVOSample.app */;
			productType = "com.apple.product-type.application";
		};
/* End PBXNativeTarget section */

/* Begin PBXProject section */
		6E3BEBEF1665B81700E4B0E7 /* Project object */ = {
			isa = PBXProject;
			attributes = {
				LastUpgradeCheck = 0420;
				ORGANIZATIONNAME = "第九城市";
			};
			buildConfigurationList = 6E3BEBF21665B81700E4B0E7 /* Build configuration list for PBXProject "KVOSample" */;
			compatibilityVersion = "Xcode 3.2";
			developmentRegion = English;
			hasScannedForEncodings = 0;
			knownRegions = (
				en,
			);
			mainGroup = 6E3BEBED1665B81700E4B0E7;
			productRefGroup = 6E3BEBF91665B81700E4B0E7 /* Products */;
			projectDirPath = "";
			projectRoot = "";
			targets = (
				6E3BEBF71665B81700E4B0E7 /* KVOSample */,
			);
		};
/* End PBXProject section */

/* Begin PBXResourcesBuildPhase section */
		6E3BEBF61665B81700E4B0E7 /* Resources */ = {
			isa = PBXResourcesBuildPhase;
			buildActionMask = 2147483647;
			files = (
				6E3BEC071665B81700E4B0E7 /* InfoPlist.strings in Resources */,
				6E3BEC131665B81800E4B0E7 /* KVOSampleViewController_iPhone.xib in Resources */,
				6E3BEC161665B81800E4B0E7 /* KVOSampleViewController_iPad.xib in Resources */,
			);
			runOnlyForDeploymentPostprocessing = 0;
		};
/* End PBXResourcesBuildPhase section */

/* Begin PBXSourcesBuildPhase section */
		6E3BEBF41665B81700E4B0E7 /* Sources */ = {
			isa = PBXSourcesBuildPhase;
			buildActionMask = 2147483647;
			files = (
				6E3BEC091665B81700E4B0E7 /* main.m in Sources */,
				6E3BEC0D1665B81700E4B0E7 /* KVOSampleAppDelegate.m in Sources */,
				6E3BEC101665B81800E4B0E7 /* KVOSampleViewController.m in Sources */,
				6E3BEC211665B87C00E4B0E7 /* UserProfile.m in Sources */,
			);
			runOnlyForDeploymentPostprocessing = 0;
		};
/* End PBXSourcesBuildPhase section */

/* Begin PBXVariantGroup section */
		6E3BEC051665B81700E4B0E7 /* InfoPlist.strings */ = {
			isa = PBXVariantGroup;
			children = (
				6E3BEC061665B81700E4B0E7 /* en */,
			);
			name = InfoPlist.strings;
			sourceTree = "<group>";
		};
		6E3BEC111665B81800E4B0E7 /* KVOSampleViewController_iPhone.xib */ = {
			isa = PBXVariantGroup;
			children = (
				6E3BEC121665B81800E4B0E7 /* en */,
			);
			name = KVOSampleViewController_iPhone.xib;
			sourceTree = "<group>";
		};
		6E3BEC141665B81800E4B0E7 /* KVOSampleViewController_iPad.xib */ = {
			isa = PBXVariantGroup;
			children = (
				6E3BEC151665B81800E4B0E7 /* en */,
			);
			name = KVOSampleViewController_iPad.xib;
			sourceTree = "<group>";
		};
/* End PBXVariantGroup section */

/* Begin XCBuildConfiguration section */
		6E3BEC171665B81800E4B0E7 /* Debug */ = {
			isa = XCBuildConfiguration;
			buildSettings = {
				ALWAYS_SEARCH_USER_PATHS = NO;
				ARCHS = "$(ARCHS_STANDARD_32_BIT)";
				"CODE_SIGN_IDENTITY[sdk=iphoneos*]" = "iPhone Developer";
				COPY_PHASE_STRIP = NO;
				GCC_C_LANGUAGE_STANDARD = gnu99;
				GCC_DYNAMIC_NO_PIC = NO;
				GCC_OPTIMIZATION_LEVEL = 0;
				GCC_PREPROCESSOR_DEFINITIONS = (
					"DEBUG=1",
					"$(inherited)",
				);
				GCC_SYMBOLS_PRIVATE_EXTERN = NO;
				GCC_VERSION = com.apple.compilers.llvm.clang.1_0;
				GCC_WARN_ABOUT_MISSING_PROTOTYPES = YES;
				GCC_WARN_ABOUT_RETURN_TYPE = YES;
				GCC_WARN_UNUSED_VARIABLE = YES;
				IPHONEOS_DEPLOYMENT_TARGET = 5.0;
				SDKROOT = iphoneos;
				TARGETED_DEVICE_FAMILY = "1,2";
			};
			name = Debug;
		};
		6E3BEC181665B81800E4B0E7 /* Release */ = {
			isa = XCBuildConfiguration;
			buildSettings = {
				ALWAYS_SEARCH_USER_PATHS = NO;
				ARCHS = "$(ARCHS_STANDARD_32_BIT)";
				"CODE_SIGN_IDENTITY[sdk=iphoneos*]" = "iPhone Developer";
				COPY_PHASE_STRIP = YES;
				GCC_C_LANGUAGE_STANDARD = gnu99;
				GCC_VERSION = com.apple.compilers.llvm.clang.1_0;
				GCC_WARN_ABOUT_MISSING_PROTOTYPES = YES;
				GCC_WARN_ABOUT_RETURN_TYPE = YES;
				GCC_WARN_UNUSED_VARIABLE = YES;
				IPHONEOS_DEPLOYMENT_TARGET = 5.0;
				OTHER_CFLAGS = "-DNS_BLOCK_ASSERTIONS=1";
				SDKROOT = iphoneos;
				TARGETED_DEVICE_FAMILY = "1,2";
				VALIDATE_PRODUCT = YES;
			};
			name = Release;
		};
		6E3BEC1A1665B81800E4B0E7 /* Debug */ = {
			isa = XCBuildConfiguration;
			buildSettings = {
				GCC_PRECOMPILE_PREFIX_HEADER = YES;
				GCC_PREFIX_HEADER = "KVOSample/KVOSample-Prefix.pch";
				INFOPLIST_FILE = "KVOSample/KVOSample-Info.plist";
				PRODUCT_NAME = "$(TARGET_NAME)";
				WRAPPER_EXTENSION = app;
			};
			name = Debug;
		};
		6E3BEC1B1665B81800E4B0E7 /* Release */ = {
			isa = XCBuildConfiguration;
			buildSettings = {
				GCC_PRECOMPILE_PREFIX_HEADER = YES;
				GCC_PREFIX_HEADER = "KVOSample/KVOSample-Prefix.pch";
				INFOPLIST_FILE = "KVOSample/KVOSample-Info.plist";
				PRODUCT_NAME = "$(TARGET_NAME)";
				WRAPPER_EXTENSION = app;
			};
			name = Release;
		};
/* End XCBuildConfiguration section */

/* Begin XCConfigurationList section */
		6E3BEBF21665B81700E4B0E7 /* Build configuration list for PBXProject "KVOSample" */ = {
			isa = XCConfigurationList;
			buildConfigurations = (
				6E3BEC171665B81800E4B0E7 /* Debug */,
				6E3BEC181665B81800E4B0E7 /* Release */,
			);
			defaultConfigurationIsVisible = 0;
			defaultConfigurationName = Release;
		};
		6E3BEC191665B81800E4B0E7 /* Build configuration list for PBXNativeTarget "KVOSample" */ = {
			isa = XCConfigurationList;
			buildConfigurations = (
				6E3BEC1A1665B81800E4B0E7 /* Debug */,
				6E3BEC1B1665B81800E4B0E7 /* Release */,
			);
			defaultConfigurationIsVisible = 0;
			defaultConfigurationName = Release;
		};
/* End XCConfigurationList section */
	};
	rootObject = 6E3BEBEF1665B81700E4B0E7 /* Project object */;
}
